
Microsoft Visual Studio Solution File, Format Version 12.00
# Visual Studio Version 16
VisualStudioVersion = 16.0.30804.86
MinimumVisualStudioVersion = 10.0.40219.1
Project("{8BC9CEB8-8B4A-11D0-8D11-00A0C91BC942}") = "Ignatiev-Kursach", "Ignatiev-Kursach\Ignatiev-Kursach.vcxproj", "{DEFC80C7-C7F9-4B9C-8A8E-9AA9B67511A2}"
EndProject
Global
	GlobalSection(SolutionConfigurationPlatforms) = preSolution
		Debug|x64 = Debug|x64
		Debug|x86 = Debug|x86
		Release|x64 = Release|x64
		Release|x86 = Release|x86
	EndGlobalSection
	GlobalSection(ProjectConfigurationPlatforms) = postSolution
		{DEFC80C7-C7F9-4B9C-8A8E-9AA9B67511A2}.Debug|x64.ActiveCfg = Debug|x64
		{DEFC80C7-C7F9-4B9C-8A8E-9AA9B67511A2}.Debug|x64.Build.0 = Debug|x64
		{DEFC80C7-C7F9-4B9C-8A8E-9AA9B67511A2}.Debug|x86.ActiveCfg = Debug|Win32
		{DEFC80C7-C7F9-4B9C-8A8E-9AA9B67511A2}.Debug|x86.Build.0 = Debug|Win32
		{DEFC80C7-C7F9-4B9C-8A8E-9AA9B67511A2}.Release|x64.ActiveCfg = Release|x64
		{DEFC80C7-C7F9-4B9C-8A8E-9AA9B67511A2}.Release|x64.Build.0 = Release|x64
		{DEFC80C7-C7F9-4B9C-8A8E-9AA9B67511A2}.Release|x86.ActiveCfg = Release|Win32
		{DEFC80C7-C7F9-4B9C-8A8E-9AA9B67511A2}.Release|x86.Build.0 = Release|Win32
	EndGlobalSection
	GlobalSection(SolutionProperties) = preSolution
		HideSolutionNode = FALSE
	EndGlobalSection
	GlobalSection(ExtensibilityGlobals) = postSolution
		SolutionGuid = {27271E13-FEA5-44D7-8536-B1D3E4DEFA95}
	EndGlobalSection
EndGlobal
