
Microsoft Visual Studio Solution File, Format Version 12.00
# Visual Studio Version 16
VisualStudioVersion = 16.0.30804.86
MinimumVisualStudioVersion = 10.0.40219.1
Project("{8BC9CEB8-8B4A-11D0-8D11-00A0C91BC942}") = "4) savely_ty", "4) savely_ty\4) savely_ty.vcxproj", "{020CAB15-3622-4550-AFE3-6D33E99E7DAC}"
EndProject
Global
	GlobalSection(SolutionConfigurationPlatforms) = preSolution
		Debug|x64 = Debug|x64
		Debug|x86 = Debug|x86
		Release|x64 = Release|x64
		Release|x86 = Release|x86
	EndGlobalSection
	GlobalSection(ProjectConfigurationPlatforms) = postSolution
		{020CAB15-3622-4550-AFE3-6D33E99E7DAC}.Debug|x64.ActiveCfg = Debug|x64
		{020CAB15-3622-4550-AFE3-6D33E99E7DAC}.Debug|x64.Build.0 = Debug|x64
		{020CAB15-3622-4550-AFE3-6D33E99E7DAC}.Debug|x86.ActiveCfg = Debug|Win32
		{020CAB15-3622-4550-AFE3-6D33E99E7DAC}.Debug|x86.Build.0 = Debug|Win32
		{020CAB15-3622-4550-AFE3-6D33E99E7DAC}.Release|x64.ActiveCfg = Release|x64
		{020CAB15-3622-4550-AFE3-6D33E99E7DAC}.Release|x64.Build.0 = Release|x64
		{020CAB15-3622-4550-AFE3-6D33E99E7DAC}.Release|x86.ActiveCfg = Release|Win32
		{020CAB15-3622-4550-AFE3-6D33E99E7DAC}.Release|x86.Build.0 = Release|Win32
	EndGlobalSection
	GlobalSection(SolutionProperties) = preSolution
		HideSolutionNode = FALSE
	EndGlobalSection
	GlobalSection(ExtensibilityGlobals) = postSolution
		SolutionGuid = {27B1B9EC-E155-4578-9C93-66D940B16148}
	EndGlobalSection
EndGlobal
